
Microsoft Visual Studio Solution File, Format Version 12.00
# Visual Studio Version 17
VisualStudioVersion = 17.14.36603.0 d17.14
MinimumVisualStudioVersion = 10.0.40219.1
Project("{FAE04EC0-301F-11D3-BF4B-00C04F79EFBC}") = "ReMindHealth", "ReMindHealth\ReMindHealth.csproj", "{5FFAFA35-5E3C-4FD0-8D34-59F0A184F000}"
EndProject
Global
	GlobalSection(SolutionConfigurationPlatforms) = preSolution
		Debug|Any CPU = Debug|Any CPU
		Release|Any CPU = Release|Any CPU
	EndGlobalSection
	GlobalSection(ProjectConfigurationPlatforms) = postSolution
		{5FFAFA35-5E3C-4FD0-8D34-59F0A184F000}.Debug|Any CPU.ActiveCfg = Debug|Any CPU
		{5FFAFA35-5E3C-4FD0-8D34-59F0A184F000}.Debug|Any CPU.Build.0 = Debug|Any CPU
		{5FFAFA35-5E3C-4FD0-8D34-59F0A184F000}.Release|Any CPU.ActiveCfg = Release|Any CPU
		{5FFAFA35-5E3C-4FD0-8D34-59F0A184F000}.Release|Any CPU.Build.0 = Release|Any CPU
	EndGlobalSection
	GlobalSection(SolutionProperties) = preSolution
		HideSolutionNode = FALSE
	EndGlobalSection
	GlobalSection(ExtensibilityGlobals) = postSolution
		SolutionGuid = {4857390E-5908-4C7E-BD8F-DE5E5C95424B}
	EndGlobalSection
EndGlobal
